
Microsoft Visual Studio Solution File, Format Version 12.00
# Visual Studio Version 16
VisualStudioVersion = 16.0.31727.386
MinimumVisualStudioVersion = 10.0.40219.1
Project("{9A19103F-16F7-4668-BE54-9A1E7A4F7556}") = "Functions", "Functions\Functions.csproj", "{50620CFE-F3B4-46D7-9D5D-2ADCC75FE1D3}"
EndProject
Project("{FAE04EC0-301F-11D3-BF4B-00C04F79EFBC}") = "UserNameData", "UserNameData\UserNameData.csproj", "{31148CA8-397B-41CC-9BE8-3E5E7D83C277}"
EndProject
Project("{FAE04EC0-301F-11D3-BF4B-00C04F79EFBC}") = "UserNameDataTask", "UserNameDataTask\UserNameDataTask.csproj", "{CDF263D6-18DE-4C25-8311-003AAED842E5}"
EndProject
Global
	GlobalSection(SolutionConfigurationPlatforms) = preSolution
		Debug|Any CPU = Debug|Any CPU
		Release|Any CPU = Release|Any CPU
	EndGlobalSection
	GlobalSection(ProjectConfigurationPlatforms) = postSolution
		{50620CFE-F3B4-46D7-9D5D-2ADCC75FE1D3}.Debug|Any CPU.ActiveCfg = Debug|Any CPU
		{50620CFE-F3B4-46D7-9D5D-2ADCC75FE1D3}.Debug|Any CPU.Build.0 = Debug|Any CPU
		{50620CFE-F3B4-46D7-9D5D-2ADCC75FE1D3}.Release|Any CPU.ActiveCfg = Release|Any CPU
		{50620CFE-F3B4-46D7-9D5D-2ADCC75FE1D3}.Release|Any CPU.Build.0 = Release|Any CPU
		{31148CA8-397B-41CC-9BE8-3E5E7D83C277}.Debug|Any CPU.ActiveCfg = Debug|Any CPU
		{31148CA8-397B-41CC-9BE8-3E5E7D83C277}.Debug|Any CPU.Build.0 = Debug|Any CPU
		{31148CA8-397B-41CC-9BE8-3E5E7D83C277}.Release|Any CPU.ActiveCfg = Release|Any CPU
		{31148CA8-397B-41CC-9BE8-3E5E7D83C277}.Release|Any CPU.Build.0 = Release|Any CPU
		{CDF263D6-18DE-4C25-8311-003AAED842E5}.Debug|Any CPU.ActiveCfg = Debug|Any CPU
		{CDF263D6-18DE-4C25-8311-003AAED842E5}.Debug|Any CPU.Build.0 = Debug|Any CPU
		{CDF263D6-18DE-4C25-8311-003AAED842E5}.Release|Any CPU.ActiveCfg = Release|Any CPU
		{CDF263D6-18DE-4C25-8311-003AAED842E5}.Release|Any CPU.Build.0 = Release|Any CPU
	EndGlobalSection
	GlobalSection(SolutionProperties) = preSolution
		HideSolutionNode = FALSE
	EndGlobalSection
	GlobalSection(ExtensibilityGlobals) = postSolution
		SolutionGuid = {FCB1A026-E461-4961-B3F2-EDC48DBDA27C}
	EndGlobalSection
EndGlobal
